
Microsoft Visual Studio Solution File, Format Version 12.00
# Visual Studio 15
VisualStudioVersion = 15.0.26730.12
MinimumVisualStudioVersion = 10.0.40219.1
Project("{FAE04EC0-301F-11D3-BF4B-00C04F79EFBC}") = "GoRogue", "GoRogue\GoRogue.csproj", "{4FC5D431-112D-4EF6-A52B-2F0587FF5F73}"
EndProject
Project("{FAE04EC0-301F-11D3-BF4B-00C04F79EFBC}") = "GoRogue-PerformanceTests", "GoRogue-PerformanceTests\GoRogue-PerformanceTests.csproj", "{F8F415C7-F43C-436A-85D5-275FF37A7DE1}"
EndProject
Project("{FAE04EC0-301F-11D3-BF4B-00C04F79EFBC}") = "GoRogue-UnitTests", "GoRogue-UnitTests\GoRogue-UnitTests.csproj", "{6B4E7F01-9BC4-4A67-AD62-DC93C89B61B8}"
EndProject
Global
	GlobalSection(SolutionConfigurationPlatforms) = preSolution
		Debug|Any CPU = Debug|Any CPU
		Release|Any CPU = Release|Any CPU
	EndGlobalSection
	GlobalSection(ProjectConfigurationPlatforms) = postSolution
		{4FC5D431-112D-4EF6-A52B-2F0587FF5F73}.Debug|Any CPU.ActiveCfg = Debug|Any CPU
		{4FC5D431-112D-4EF6-A52B-2F0587FF5F73}.Debug|Any CPU.Build.0 = Debug|Any CPU
		{4FC5D431-112D-4EF6-A52B-2F0587FF5F73}.Release|Any CPU.ActiveCfg = Release|Any CPU
		{4FC5D431-112D-4EF6-A52B-2F0587FF5F73}.Release|Any CPU.Build.0 = Release|Any CPU
		{F8F415C7-F43C-436A-85D5-275FF37A7DE1}.Debug|Any CPU.ActiveCfg = Debug|Any CPU
		{F8F415C7-F43C-436A-85D5-275FF37A7DE1}.Debug|Any CPU.Build.0 = Debug|Any CPU
		{F8F415C7-F43C-436A-85D5-275FF37A7DE1}.Release|Any CPU.ActiveCfg = Release|Any CPU
		{F8F415C7-F43C-436A-85D5-275FF37A7DE1}.Release|Any CPU.Build.0 = Release|Any CPU
		{6B4E7F01-9BC4-4A67-AD62-DC93C89B61B8}.Debug|Any CPU.ActiveCfg = Debug|Any CPU
		{6B4E7F01-9BC4-4A67-AD62-DC93C89B61B8}.Debug|Any CPU.Build.0 = Debug|Any CPU
		{6B4E7F01-9BC4-4A67-AD62-DC93C89B61B8}.Release|Any CPU.ActiveCfg = Release|Any CPU
		{6B4E7F01-9BC4-4A67-AD62-DC93C89B61B8}.Release|Any CPU.Build.0 = Release|Any CPU
	EndGlobalSection
	GlobalSection(SolutionProperties) = preSolution
		HideSolutionNode = FALSE
	EndGlobalSection
	GlobalSection(ExtensibilityGlobals) = postSolution
		SolutionGuid = {70FD89F4-FDAE-4D12-A167-C0A58FBD56D3}
	EndGlobalSection
EndGlobal
